dependencies:
- name: mysql
  repository: https://raw.githubusercontent.com/bitnami/charts/archive-full-index/bitnami
  version: 11.1.15
- name: redis
  repository: https://raw.githubusercontent.com/bitnami/charts/archive-full-index/bitnami
  version: 16.0.0
digest: sha256:42dd86020580d2fcb423ce9a0b2bbc2323d1b3807ecb7564f9c8e4a61b01718c
generated: "2024-08-25T21:32:30.977727+06:00"
